// !$*UTF8*$!
{
	archiveVersion = 1;
	classes = {
	};
	objectVersion = 50;
	objects = {

/* Begin PBXBuildFile section */
		806AA1C9745B026126E50D83 /* Pods_RxSwift_Study_Week1.framework in Frameworks */ = {isa = PBXBuildFile; fileRef = 103296C4F8F30E9619437679 /* Pods_RxSwift_Study_Week1.framework */; };
		921888542633012E00CAF86E /* AppDelegate.swift in Sources */ = {isa = PBXBuildFile; fileRef = 921888532633012E00CAF86E /* AppDelegate.swift */; };
		921888562633012E00CAF86E /* SceneDelegate.swift in Sources */ = {isa = PBXBuildFile; fileRef = 921888552633012E00CAF86E /* SceneDelegate.swift */; };
		921888582633012E00CAF86E /* ViewController.swift in Sources */ = {isa = PBXBuildFile; fileRef = 921888572633012E00CAF86E /* ViewController.swift */; };
		9218885B2633012E00CAF86E /* Main.storyboard in Resources */ = {isa = PBXBuildFile; fileRef = 921888592633012E00CAF86E /* Main.storyboard */; };
		9218885D2633013300CAF86E /* Assets.xcassets in Resources */ = {isa = PBXBuildFile; fileRef = 9218885C2633013300CAF86E /* Assets.xcassets */; };
		921888602633013300CAF86E /* LaunchScreen.storyboard in Resources */ = {isa = PBXBuildFile; fileRef = 9218885E2633013300CAF86E /* LaunchScreen.storyboard */; };
/* End PBXBuildFile section */

/* Begin PBXFileReference section */
		103296C4F8F30E9619437679 /* Pods_RxSwift_Study_Week1.framework */ = {isa = PBXFileReference; explicitFileType = wrapper.framework; includeInIndex = 0; path = Pods_RxSwift_Study_Week1.framework; sourceTree = BUILT_PRODUCTS_DIR; };
		912C649EBFF4D4F4DA9E0BD1 /* Pods-RxSwift_Study_Week1.release.xcconfig */ = {isa = PBXFileReference; includeInIndex = 1; lastKnownFileType = text.xcconfig; name = "Pods-RxSwift_Study_Week1.release.xcconfig"; path = "Target Support Files/Pods-RxSwift_Study_Week1/Pods-RxSwift_Study_Week1.release.xcconfig"; sourceTree = "<group>"; };
		921888502633012E00CAF86E /* RxSwift_Study_Week1.app */ = {isa = PBXFileReference; explicitFileType = wrapper.application; includeInIndex = 0; path = RxSwift_Study_Week1.app; sourceTree = BUILT_PRODUCTS_DIR; };
		921888532633012E00CAF86E /* AppDelegate.swift */ = {isa = PBXFileReference; lastKnownFileType = sourcecode.swift; path = AppDelegate.swift; sourceTree = "<group>"; };
		921888552633012E00CAF86E /* SceneDelegate.swift */ = {isa = PBXFileReference; lastKnownFileType = sourcecode.swift; path = SceneDelegate.swift; sourceTree = "<group>"; };
		921888572633012E00CAF86E /* ViewController.swift */ = {isa = PBXFileReference; lastKnownFileType = sourcecode.swift; path = ViewController.swift; sourceTree = "<group>"; };
		9218885A2633012E00CAF86E /* Base */ = {isa = PBXFileReference; lastKnownFileType = file.storyboard; name = Base; path = Base.lproj/Main.storyboard; sourceTree = "<group>"; };
		9218885C2633013300CAF86E /* Assets.xcassets */ = {isa = PBXFileReference; lastKnownFileType = folder.assetcatalog; path = Assets.xcassets; sourceTree = "<group>"; };
		9218885F2633013300CAF86E /* Base */ = {isa = PBXFileReference; lastKnownFileType = file.storyboard; name = Base; path = Base.lproj/LaunchScreen.storyboard; sourceTree = "<group>"; };
		921888612633013300CAF86E /* Info.plist */ = {isa = PBXFileReference; lastKnownFileType = text.plist.xml; path = Info.plist; sourceTree = "<group>"; };
		C839E6399A0A312CB0CE1808 /* Pods-RxSwift_Study_Week1.debug.xcconfig */ = {isa = PBXFileReference; includeInIndex = 1; lastKnownFileType = text.xcconfig; name = "Pods-RxSwift_Study_Week1.debug.xcconfig"; path = "Target Support Files/Pods-RxSwift_Study_Week1/Pods-RxSwift_Study_Week1.debug.xcconfig"; sourceTree = "<group>"; };
/* End PBXFileReference section */

/* Begin PBXFrameworksBuildPhase section */
		9218884D2633012E00CAF86E /* Frameworks */ = {
			isa = PBXFrameworksBuildPhase;
			buildActionMask = 2147483647;
			files = (
				806AA1C9745B026126E50D83 /* Pods_RxSwift_Study_Week1.framework in Frameworks */,
			);
			runOnlyForDeploymentPostprocessing = 0;
		};
/* End PBXFrameworksBuildPhase section */

/* Begin PBXGroup section */
		37F34985AEC478ABD329C45C /* Frameworks */ = {
			isa = PBXGroup;
			children = (
				103296C4F8F30E9619437679 /* Pods_RxSwift_Study_Week1.framework */,
			);
			name = Frameworks;
			sourceTree = "<group>";
		};
		921888472633012D00CAF86E = {
			isa = PBXGroup;
			children = (
				921888522633012E00CAF86E /* RxSwift_Study_Week1 */,
				921888512633012E00CAF86E /* Products */,
				D0EF66EC681EF20E8E16F425 /* Pods */,
				37F34985AEC478ABD329C45C /* Frameworks */,
			);
			sourceTree = "<group>";
		};
		921888512633012E00CAF86E /* Products */ = {
			isa = PBXGroup;
			children = (
				921888502633012E00CAF86E /* RxSwift_Study_Week1.app */,
			);
			name = Products;
			sourceTree = "<group>";
		};
		921888522633012E00CAF86E /* RxSwift_Study_Week1 */ = {
			isa = PBXGroup;
			children = (
				921888532633012E00CAF86E /* AppDelegate.swift */,
				921888552633012E00CAF86E /* SceneDelegate.swift */,
				921888572633012E00CAF86E /* ViewController.swift */,
				921888592633012E00CAF86E /* Main.storyboard */,
				9218885C2633013300CAF86E /* Assets.xcassets */,
				9218885E2633013300CAF86E /* LaunchScreen.storyboard */,
				921888612633013300CAF86E /* Info.plist */,
			);
			path = RxSwift_Study_Week1;
			sourceTree = "<group>";
		};
		D0EF66EC681EF20E8E16F425 /* Pods */ = {
			isa = PBXGroup;
			children = (
				C839E6399A0A312CB0CE1808 /* Pods-RxSwift_Study_Week1.debug.xcconfig */,
				912C649EBFF4D4F4DA9E0BD1 /* Pods-RxSwift_Study_Week1.release.xcconfig */,
			);
			name = Pods;
			path = Pods;
			sourceTree = "<group>";
		};
/* End PBXGroup section */

/* Begin PBXNativeTarget section */
		9218884F2633012E00CAF86E /* RxSwift_Study_Week1 */ = {
			isa = PBXNativeTarget;
			buildConfigurationList = 921888642633013300CAF86E /* Build configuration list for PBXNativeTarget "RxSwift_Study_Week1" */;
			buildPhases = (
				37735B94653C8854284AE071 /* [CP] Check Pods Manifest.lock */,
				9218884C2633012E00CAF86E /* Sources */,
				9218884D2633012E00CAF86E /* Frameworks */,
				9218884E2633012E00CAF86E /* Resources */,
				D096FF5A71D67A3938197149 /* [CP] Embed Pods Frameworks */,
			);
			buildRules = (
			);
			dependencies = (
			);
			name = RxSwift_Study_Week1;
			productName = RxSwift_Study_Week1;
			productReference = 921888502633012E00CAF86E /* RxSwift_Study_Week1.app */;
			productType = "com.apple.product-type.application";
		};
/* End PBXNativeTarget section */

/* Begin PBXProject section */
		921888482633012D00CAF86E /* Project object */ = {
			isa = PBXProject;
			attributes = {
				LastSwiftUpdateCheck = 1230;
				LastUpgradeCheck = 1230;
				TargetAttributes = {
					9218884F2633012E00CAF86E = {
						CreatedOnToolsVersion = 12.3;
					};
				};
			};
			buildConfigurationList = 9218884B2633012D00CAF86E /* Build configuration list for PBXProject "RxSwift_Study_Week1" */;
			compatibilityVersion = "Xcode 9.3";
			developmentRegion = en;
			hasScannedForEncodings = 0;
			knownRegions = (
				en,
				Base,
			);
			mainGroup = 921888472633012D00CAF86E;
			productRefGroup = 921888512633012E00CAF86E /* Products */;
			projectDirPath = "";
			projectRoot = "";
			targets = (
				9218884F2633012E00CAF86E /* RxSwift_Study_Week1 */,
			);
		};
/* End PBXProject section */

/* Begin PBXResourcesBuildPhase section */
		9218884E2633012E00CAF86E /* Resources */ = {
			isa = PBXResourcesBuildPhase;
			buildActionMask = 2147483647;
			files = (
				921888602633013300CAF86E /* LaunchScreen.storyboard in Resources */,
				9218885D2633013300CAF86E /* Assets.xcassets in Resources */,
				9218885B2633012E00CAF86E /* Main.storyboard in Resources */,
			);
			runOnlyForDeploymentPostprocessing = 0;
		};
/* End PBXResourcesBuildPhase section */

/* Begin PBXShellScriptBuildPhase section */
		37735B94653C8854284AE071 /* [CP] Check Pods Manifest.lock */ = {
			isa = PBXShellScriptBuildPhase;
			buildActionMask = 2147483647;
			files = (
			);
			inputFileListPaths = (
			);
			inputPaths = (
				"${PODS_PODFILE_DIR_PATH}/Podfile.lock",
				"${PODS_ROOT}/Manifest.lock",
			);
			name = "[CP] Check Pods Manifest.lock";
			outputFileListPaths = (
			);
			outputPaths = (
				"$(DERIVED_FILE_DIR)/Pods-RxSwift_Study_Week1-checkManifestLockResult.txt",
			);
			runOnlyForDeploymentPostprocessing = 0;
			shellPath = /bin/sh;
			shellScript = "diff \"${PODS_PODFILE_DIR_PATH}/Podfile.lock\" \"${PODS_ROOT}/Manifest.lock\" > /dev/null\nif [ $? != 0 ] ; then\n    # print error to STDERR\n    echo \"error: The sandbox is not in sync with the Podfile.lock. Run 'pod install' or update your CocoaPods installation.\" >&2\n    exit 1\nfi\n# This output is used by Xcode 'outputs' to avoid re-running this script phase.\necho \"SUCCESS\" > \"${SCRIPT_OUTPUT_FILE_0}\"\n";
			showEnvVarsInLog = 0;
		};
		D096FF5A71D67A3938197149 /* [CP] Embed Pods Frameworks */ = {
			isa = PBXShellScriptBuildPhase;
			buildActionMask = 2147483647;
			files = (
			);
			inputFileListPaths = (
				"${PODS_ROOT}/Target Support Files/Pods-RxSwift_Study_Week1/Pods-RxSwift_Study_Week1-frameworks-${CONFIGURATION}-input-files.xcfilelist",
			);
			name = "[CP] Embed Pods Frameworks";
			outputFileListPaths = (
				"${PODS_ROOT}/Target Support Files/Pods-RxSwift_Study_Week1/Pods-RxSwift_Study_Week1-frameworks-${CONFIGURATION}-output-files.xcfilelist",
			);
			runOnlyForDeploymentPostprocessing = 0;
			shellPath = /bin/sh;
			shellScript = "\"${PODS_ROOT}/Target Support Files/Pods-RxSwift_Study_Week1/Pods-RxSwift_Study_Week1-frameworks.sh\"\n";
			showEnvVarsInLog = 0;
		};
/* End PBXShellScriptBuildPhase section */

/* Begin PBXSourcesBuildPhase section */
		9218884C2633012E00CAF86E /* Sources */ = {
			isa = PBXSourcesBuildPhase;
			buildActionMask = 2147483647;
			files = (
				921888582633012E00CAF86E /* ViewController.swift in Sources */,
				921888542633012E00CAF86E /* AppDelegate.swift in Sources */,
				921888562633012E00CAF86E /* SceneDelegate.swift in Sources */,
			);
			runOnlyForDeploymentPostprocessing = 0;
		};
/* End PBXSourcesBuildPhase section */

/* Begin PBXVariantGroup section */
		921888592633012E00CAF86E /* Main.storyboard */ = {
			isa = PBXVariantGroup;
			children = (
				9218885A2633012E00CAF86E /* Base */,
			);
			name = Main.storyboard;
			sourceTree = "<group>";
		};
		9218885E2633013300CAF86E /* LaunchScreen.storyboard */ = {
			isa = PBXVariantGroup;
			children = (
				9218885F2633013300CAF86E /* Base */,
			);
			name = LaunchScreen.storyboard;
			sourceTree = "<group>";
		};
/* End PBXVariantGroup section */

/* Begin XCBuildConfiguration section */
		921888622633013300CAF86E /* Debug */ = {
			isa = XCBuildConfiguration;
			buildSettings = {
				ALWAYS_SEARCH_USER_PATHS = NO;
				CLANG_ANALYZER_NONNULL = YES;
				CLANG_ANALYZER_NUMBER_OBJECT_CONVERSION = YES_AGGRESSIVE;
				CLANG_CXX_LANGUAGE_STANDARD = "gnu++14";
				CLANG_CXX_LIBRARY = "libc++";
				CLANG_ENABLE_MODULES = YES;
				CLANG_ENABLE_OBJC_ARC = YES;
				CLANG_ENABLE_OBJC_WEAK = YES;
				CLANG_WARN_BLOCK_CAPTURE_AUTORELEASING = YES;
				CLANG_WARN_BOOL_CONVERSION = YES;
				CLANG_WARN_COMMA = YES;
				CLANG_WARN_CONSTANT_CONVERSION = YES;
				CLANG_WARN_DEPRECATED_OBJC_IMPLEMENTATIONS = YES;
				CLANG_WARN_DIRECT_OBJC_ISA_USAGE = YES_ERROR;
				CLANG_WARN_DOCUMENTATION_COMMENTS = YES;
				CLANG_WARN_EMPTY_BODY = YES;
				CLANG_WARN_ENUM_CONVERSION = YES;
				CLANG_WARN_INFINITE_RECURSION = YES;
				CLANG_WARN_INT_CONVERSION = YES;
				CLANG_WARN_NON_LITERAL_NULL_CONVERSION = YES;
				CLANG_WARN_OBJC_IMPLICIT_RETAIN_SELF = YES;
				CLANG_WARN_OBJC_LITERAL_CONVERSION = YES;
				CLANG_WARN_OBJC_ROOT_CLASS = YES_ERROR;
				CLANG_WARN_QUOTED_INCLUDE_IN_FRAMEWORK_HEADER = YES;
				CLANG_WARN_RANGE_LOOP_ANALYSIS = YES;
				CLANG_WARN_STRICT_PROTOTYPES = YES;
				CLANG_WARN_SUSPICIOUS_MOVE = YES;
				CLANG_WARN_UNGUARDED_AVAILABILITY = YES_AGGRESSIVE;
				CLANG_WARN_UNREACHABLE_CODE = YES;
				CLANG_WARN__DUPLICATE_METHOD_MATCH = YES;
				COPY_PHASE_STRIP = NO;
				DEBUG_INFORMATION_FORMAT = dwarf;
				ENABLE_STRICT_OBJC_MSGSEND = YES;
				ENABLE_TESTABILITY = YES;
				GCC_C_LANGUAGE_STANDARD = gnu11;
				GCC_DYNAMIC_NO_PIC = NO;
				GCC_NO_COMMON_BLOCKS = YES;
				GCC_OPTIMIZATION_LEVEL = 0;
				GCC_PREPROCESSOR_DEFINITIONS = (
					"DEBUG=1",
					"$(inherited)",
				);
				GCC_WARN_64_TO_32_BIT_CONVERSION = YES;
				GCC_WARN_ABOUT_RETURN_TYPE = YES_ERROR;
				GCC_WARN_UNDECLARED_SELECTOR = YES;
				GCC_WARN_UNINITIALIZED_AUTOS = YES_AGGRESSIVE;
				GCC_WARN_UNUSED_FUNCTION = YES;
				GCC_WARN_UNUSED_VARIABLE = YES;
				IPHONEOS_DEPLOYMENT_TARGET = 14.3;
				MTL_ENABLE_DEBUG_INFO = INCLUDE_SOURCE;
				MTL_FAST_MATH = YES;
				ONLY_ACTIVE_ARCH = YES;
				SDKROOT = iphoneos;
				SWIFT_ACTIVE_COMPILATION_CONDITIONS = DEBUG;
				SWIFT_OPTIMIZATION_LEVEL = "-Onone";
			};
			name = Debug;
		};
		921888632633013300CAF86E /* Release */ = {
			isa = XCBuildConfiguration;
			buildSettings = {
				ALWAYS_SEARCH_USER_PATHS = NO;
				CLANG_ANALYZER_NONNULL = YES;
				CLANG_ANALYZER_NUMBER_OBJECT_CONVERSION = YES_AGGRESSIVE;
				CLANG_CXX_LANGUAGE_STANDARD = "gnu++14";
				CLANG_CXX_LIBRARY = "libc++";
				CLANG_ENABLE_MODULES = YES;
				CLANG_ENABLE_OBJC_ARC = YES;
				CLANG_ENABLE_OBJC_WEAK = YES;
				CLANG_WARN_BLOCK_CAPTURE_AUTORELEASING = YES;
				CLANG_WARN_BOOL_CONVERSION = YES;
				CLANG_WARN_COMMA = YES;
				CLANG_WARN_CONSTANT_CONVERSION = YES;
				CLANG_WARN_DEPRECATED_OBJC_IMPLEMENTATIONS = YES;
				CLANG_WARN_DIRECT_OBJC_ISA_USAGE = YES_ERROR;
				CLANG_WARN_DOCUMENTATION_COMMENTS = YES;
				CLANG_WARN_EMPTY_BODY = YES;
				CLANG_WARN_ENUM_CONVERSION = YES;
				CLANG_WARN_INFINITE_RECURSION = YES;
				CLANG_WARN_INT_CONVERSION = YES;
				CLANG_WARN_NON_LITERAL_NULL_CONVERSION = YES;
				CLANG_WARN_OBJC_IMPLICIT_RETAIN_SELF = YES;
				CLANG_WARN_OBJC_LITERAL_CONVERSION = YES;
				CLANG_WARN_OBJC_ROOT_CLASS = YES_ERROR;
				CLANG_WARN_QUOTED_INCLUDE_IN_FRAMEWORK_HEADER = YES;
				CLANG_WARN_RANGE_LOOP_ANALYSIS = YES;
				CLANG_WARN_STRICT_PROTOTYPES = YES;
				CLANG_WARN_SUSPICIOUS_MOVE = YES;
				CLANG_WARN_UNGUARDED_AVAILABILITY = YES_AGGRESSIVE;
				CLANG_WARN_UNREACHABLE_CODE = YES;
				CLANG_WARN__DUPLICATE_METHOD_MATCH = YES;
				COPY_PHASE_STRIP = NO;
				DEBUG_INFORMATION_FORMAT = "dwarf-with-dsym";
				ENABLE_NS_ASSERTIONS = NO;
				ENABLE_STRICT_OBJC_MSGSEND = YES;
				GCC_C_LANGUAGE_STANDARD = gnu11;
				GCC_NO_COMMON_BLOCKS = YES;
				GCC_WARN_64_TO_32_BIT_CONVERSION = YES;
				GCC_WARN_ABOUT_RETURN_TYPE = YES_ERROR;
				GCC_WARN_UNDECLARED_SELECTOR = YES;
				GCC_WARN_UNINITIALIZED_AUTOS = YES_AGGRESSIVE;
				GCC_WARN_UNUSED_FUNCTION = YES;
				GCC_WARN_UNUSED_VARIABLE = YES;
				IPHONEOS_DEPLOYMENT_TARGET = 14.3;
				MTL_ENABLE_DEBUG_INFO = NO;
				MTL_FAST_MATH = YES;
				SDKROOT = iphoneos;
				SWIFT_COMPILATION_MODE = wholemodule;
				SWIFT_OPTIMIZATION_LEVEL = "-O";
				VALIDATE_PRODUCT = YES;
			};
			name = Release;
		};
		921888652633013300CAF86E /* Debug */ = {
			isa = XCBuildConfiguration;
			baseConfigurationReference = C839E6399A0A312CB0CE1808 /* Pods-RxSwift_Study_Week1.debug.xcconfig */;
			buildSettings = {
				ASSETCATALOG_COMPILER_APPICON_NAME = AppIcon;
				ASSETCATALOG_COMPILER_GLOBAL_ACCENT_COLOR_NAME = AccentColor;
				CODE_SIGN_STYLE = Automatic;
				DEVELOPMENT_TEAM = 89UV4AXWM4;
				INFOPLIST_FILE = RxSwift_Study_Week1/Info.plist;
				LD_RUNPATH_SEARCH_PATHS = (
					"$(inherited)",
					"@executable_path/Frameworks",
				);
				PRODUCT_BUNDLE_IDENTIFIER = "Seohyun.RxSwift-Study-Week1";
				PRODUCT_NAME = "$(TARGET_NAME)";
				SWIFT_VERSION = 5.0;
				TARGETED_DEVICE_FAMILY = "1,2";
			};
			name = Debug;
		};
		921888662633013300CAF86E /* Release */ = {
			isa = XCBuildConfiguration;
			baseConfigurationReference = 912C649EBFF4D4F4DA9E0BD1 /* Pods-RxSwift_Study_Week1.release.xcconfig */;
			buildSettings = {
				ASSETCATALOG_COMPILER_APPICON_NAME = AppIcon;
				ASSETCATALOG_COMPILER_GLOBAL_ACCENT_COLOR_NAME = AccentColor;
				CODE_SIGN_STYLE = Automatic;
				DEVELOPMENT_TEAM = 89UV4AXWM4;
				INFOPLIST_FILE = RxSwift_Study_Week1/Info.plist;
				LD_RUNPATH_SEARCH_PATHS = (
					"$(inherited)",
					"@executable_path/Frameworks",
				);
				PRODUCT_BUNDLE_IDENTIFIER = "Seohyun.RxSwift-Study-Week1";
				PRODUCT_NAME = "$(TARGET_NAME)";
				SWIFT_VERSION = 5.0;
				TARGETED_DEVICE_FAMILY = "1,2";
			};
			name = Release;
		};
/* End XCBuildConfiguration section */

/* Begin XCConfigurationList section */
		9218884B2633012D00CAF86E /* Build configuration list for PBXProject "RxSwift_Study_Week1" */ = {
			isa = XCConfigurationList;
			buildConfigurations = (
				921888622633013300CAF86E /* Debug */,
				921888632633013300CAF86E /* Release */,
			);
			defaultConfigurationIsVisible = 0;
			defaultConfigurationName = Release;
		};
		921888642633013300CAF86E /* Build configuration list for PBXNativeTarget "RxSwift_Study_Week1" */ = {
			isa = XCConfigurationList;
			buildConfigurations = (
				921888652633013300CAF86E /* Debug */,
				921888662633013300CAF86E /* Release */,
			);
			defaultConfigurationIsVisible = 0;
			defaultConfigurationName = Release;
		};
/* End XCConfigurationList section */
	};
	rootObject = 921888482633012D00CAF86E /* Project object */;
}
